
Microsoft Visual Studio Solution File, Format Version 12.00
# Visual Studio 2013
Project("{FAE04EC0-301F-11D3-BF4B-00C04F79EFBC}") = "UnityVS.Junkmen.CSharp", "UnityVS.Junkmen.CSharp.csproj", "{409BC26A-CC09-90B0-6E52-56E5561D90CC}"
EndProject
Global
	GlobalSection(SolutionConfigurationPlatforms) = preSolution
		Debug|Any CPU = Debug|Any CPU
		Release|Any CPU = Release|Any CPU
	EndGlobalSection
	GlobalSection(ProjectConfigurationPlatforms) = postSolution
		{409BC26A-CC09-90B0-6E52-56E5561D90CC}.Debug|Any CPU.ActiveCfg = Debug|Any CPU
		{409BC26A-CC09-90B0-6E52-56E5561D90CC}.Debug|Any CPU.Build.0 = Debug|Any CPU
		{409BC26A-CC09-90B0-6E52-56E5561D90CC}.Release|Any CPU.ActiveCfg = Release|Any CPU
		{409BC26A-CC09-90B0-6E52-56E5561D90CC}.Release|Any CPU.Build.0 = Release|Any CPU
	EndGlobalSection
	GlobalSection(SolutionProperties) = preSolution
		HideSolutionNode = FALSE
	EndGlobalSection
EndGlobal
